
Microsoft Visual Studio Solution File, Format Version 12.00
# Visual Studio Version 16
VisualStudioVersion = 16.0.31624.102
MinimumVisualStudioVersion = 10.0.40219.1
Project("{FAE04EC0-301F-11D3-BF4B-00C04F79EFBC}") = "FirstWebCoreProject", "FirstWebCoreProject\FirstWebCoreProject.csproj", "{CCBF3178-49AE-4B03-B84C-0F0FEFE26046}"
EndProject
Global
	GlobalSection(SolutionConfigurationPlatforms) = preSolution
		Debug|Any CPU = Debug|Any CPU
		Release|Any CPU = Release|Any CPU
	EndGlobalSection
	GlobalSection(ProjectConfigurationPlatforms) = postSolution
		{CCBF3178-49AE-4B03-B84C-0F0FEFE26046}.Debug|Any CPU.ActiveCfg = Debug|Any CPU
		{CCBF3178-49AE-4B03-B84C-0F0FEFE26046}.Debug|Any CPU.Build.0 = Debug|Any CPU
		{CCBF3178-49AE-4B03-B84C-0F0FEFE26046}.Release|Any CPU.ActiveCfg = Release|Any CPU
		{CCBF3178-49AE-4B03-B84C-0F0FEFE26046}.Release|Any CPU.Build.0 = Release|Any CPU
	EndGlobalSection
	GlobalSection(SolutionProperties) = preSolution
		HideSolutionNode = FALSE
	EndGlobalSection
	GlobalSection(ExtensibilityGlobals) = postSolution
		SolutionGuid = {C44A31B2-D411-4ACE-A3F6-872E5A02A2FF}
	EndGlobalSection
EndGlobal
